
Microsoft Visual Studio Solution File, Format Version 12.00
# Visual Studio Version 16
VisualStudioVersion = 16.0.29905.134
MinimumVisualStudioVersion = 10.0.40219.1
Project("{FAE04EC0-301F-11D3-BF4B-00C04F79EFBC}") = "EstructuraSwitch", "EstructuraSwitch.csproj", "{B79B86B8-3E2B-44F8-8A2D-F6FA27259A31}"
EndProject
Global
	GlobalSection(SolutionConfigurationPlatforms) = preSolution
		Debug|Any CPU = Debug|Any CPU
		Release|Any CPU = Release|Any CPU
	EndGlobalSection
	GlobalSection(ProjectConfigurationPlatforms) = postSolution
		{B79B86B8-3E2B-44F8-8A2D-F6FA27259A31}.Debug|Any CPU.ActiveCfg = Debug|Any CPU
		{B79B86B8-3E2B-44F8-8A2D-F6FA27259A31}.Debug|Any CPU.Build.0 = Debug|Any CPU
		{B79B86B8-3E2B-44F8-8A2D-F6FA27259A31}.Release|Any CPU.ActiveCfg = Release|Any CPU
		{B79B86B8-3E2B-44F8-8A2D-F6FA27259A31}.Release|Any CPU.Build.0 = Release|Any CPU
	EndGlobalSection
	GlobalSection(SolutionProperties) = preSolution
		HideSolutionNode = FALSE
	EndGlobalSection
	GlobalSection(ExtensibilityGlobals) = postSolution
		SolutionGuid = {8A254A4A-0268-4513-82CA-326EC884CE38}
	EndGlobalSection
EndGlobal
